
Microsoft Visual Studio Solution File, Format Version 12.00
# Visual Studio Version 17
VisualStudioVersion = 17.3.32929.385
MinimumVisualStudioVersion = 10.0.40219.1
Project("{FAE04EC0-301F-11D3-BF4B-00C04F79EFBC}") = "WebApi", "WebApi\WebApi.csproj", "{238D84AA-88CA-4C1A-A46D-C7034429CC81}"
EndProject
Global
	GlobalSection(SolutionConfigurationPlatforms) = preSolution
		Debug|Any CPU = Debug|Any CPU
		Release|Any CPU = Release|Any CPU
	EndGlobalSection
	GlobalSection(ProjectConfigurationPlatforms) = postSolution
		{238D84AA-88CA-4C1A-A46D-C7034429CC81}.Debug|Any CPU.ActiveCfg = Debug|Any CPU
		{238D84AA-88CA-4C1A-A46D-C7034429CC81}.Debug|Any CPU.Build.0 = Debug|Any CPU
		{238D84AA-88CA-4C1A-A46D-C7034429CC81}.Release|Any CPU.ActiveCfg = Release|Any CPU
		{238D84AA-88CA-4C1A-A46D-C7034429CC81}.Release|Any CPU.Build.0 = Release|Any CPU
	EndGlobalSection
	GlobalSection(SolutionProperties) = preSolution
		HideSolutionNode = FALSE
	EndGlobalSection
	GlobalSection(ExtensibilityGlobals) = postSolution
		SolutionGuid = {44411FFA-3293-446F-8CD5-18C1AF2FE0BA}
	EndGlobalSection
EndGlobal
